
Microsoft Visual Studio Solution File, Format Version 12.00
# Visual Studio Version 17
VisualStudioVersion = 17.10.35013.160
MinimumVisualStudioVersion = 10.0.40219.1
Project("{FAE04EC0-301F-11D3-BF4B-00C04F79EFBC}") = "SocialMedia1", "SocialMedia1\SocialMedia1.csproj", "{F72E1A63-CFDE-45C5-9D1C-FCE764669AE4}"
EndProject
Global
	GlobalSection(SolutionConfigurationPlatforms) = preSolution
		Debug|Any CPU = Debug|Any CPU
		Release|Any CPU = Release|Any CPU
	EndGlobalSection
	GlobalSection(ProjectConfigurationPlatforms) = postSolution
		{F72E1A63-CFDE-45C5-9D1C-FCE764669AE4}.Debug|Any CPU.ActiveCfg = Debug|Any CPU
		{F72E1A63-CFDE-45C5-9D1C-FCE764669AE4}.Debug|Any CPU.Build.0 = Debug|Any CPU
		{F72E1A63-CFDE-45C5-9D1C-FCE764669AE4}.Release|Any CPU.ActiveCfg = Release|Any CPU
		{F72E1A63-CFDE-45C5-9D1C-FCE764669AE4}.Release|Any CPU.Build.0 = Release|Any CPU
	EndGlobalSection
	GlobalSection(SolutionProperties) = preSolution
		HideSolutionNode = FALSE
	EndGlobalSection
	GlobalSection(ExtensibilityGlobals) = postSolution
		SolutionGuid = {4DD921EB-EEDA-4980-8853-EE88F6A0F547}
	EndGlobalSection
EndGlobal
